
Microsoft Visual Studio Solution File, Format Version 12.00
# Visual Studio 2012
Project("{FAE04EC0-301F-11D3-BF4B-00C04F79EFBC}") = "SbnSharp", "src\SbnSharp.csproj", "{E28F8461-D075-4DA6-8FBB-4DDE75D1E396}"
EndProject
Project("{888888A0-9F3D-457C-B088-3A5042F75D52}") = "hasbeen", "hasbeen.pyproj", "{86B250BB-F515-45E8-93BD-15810BC4CF49}"
EndProject
Project("{2150E333-8FDC-42A3-9474-1A3956D46DE8}") = "Spec", "Spec", "{B0E9CDB7-0722-40CB-A2C5-3544EB1B2863}"
	ProjectSection(SolutionItems) = preProject
		Spec\sbn_format.pdf = Spec\sbn_format.pdf
		Spec\sbx_format.pdf = Spec\sbx_format.pdf
	EndProjectSection
EndProject
Project("{FAE04EC0-301F-11D3-BF4B-00C04F79EFBC}") = "SbnSharp.Test", "test\SbnSharp.Test.csproj", "{C05CE679-851D-4542-98B9-051A7F46F2BF}"
EndProject
Global
	GlobalSection(SolutionConfigurationPlatforms) = preSolution
		Debug|Any CPU = Debug|Any CPU
		Release|Any CPU = Release|Any CPU
	EndGlobalSection
	GlobalSection(ProjectConfigurationPlatforms) = postSolution
		{E28F8461-D075-4DA6-8FBB-4DDE75D1E396}.Debug|Any CPU.ActiveCfg = Debug|Any CPU
		{E28F8461-D075-4DA6-8FBB-4DDE75D1E396}.Debug|Any CPU.Build.0 = Debug|Any CPU
		{E28F8461-D075-4DA6-8FBB-4DDE75D1E396}.Release|Any CPU.ActiveCfg = Release|Any CPU
		{E28F8461-D075-4DA6-8FBB-4DDE75D1E396}.Release|Any CPU.Build.0 = Release|Any CPU
		{86B250BB-F515-45E8-93BD-15810BC4CF49}.Debug|Any CPU.ActiveCfg = Debug|Any CPU
		{86B250BB-F515-45E8-93BD-15810BC4CF49}.Debug|Any CPU.Build.0 = Debug|Any CPU
		{86B250BB-F515-45E8-93BD-15810BC4CF49}.Release|Any CPU.ActiveCfg = Release|Any CPU
		{86B250BB-F515-45E8-93BD-15810BC4CF49}.Release|Any CPU.Build.0 = Release|Any CPU
		{C05CE679-851D-4542-98B9-051A7F46F2BF}.Debug|Any CPU.ActiveCfg = Debug|Any CPU
		{C05CE679-851D-4542-98B9-051A7F46F2BF}.Debug|Any CPU.Build.0 = Debug|Any CPU
		{C05CE679-851D-4542-98B9-051A7F46F2BF}.Release|Any CPU.ActiveCfg = Release|Any CPU
		{C05CE679-851D-4542-98B9-051A7F46F2BF}.Release|Any CPU.Build.0 = Release|Any CPU
	EndGlobalSection
	GlobalSection(SolutionProperties) = preSolution
		HideSolutionNode = FALSE
	EndGlobalSection
EndGlobal
